# THIS IS AN AUTOGENERATED FILE. DO NOT EDIT THIS FILE DIRECTLY.
# yarn lockfile v1


"@pushrocks/smartopen@^1.0.7":
  version "1.0.7"
  resolved "https://registry.yarnpkg.com/@pushrocks/smartopen/-/smartopen-1.0.7.tgz#c8fd6b5b9788ae83df14a611e9ba9b7bceccc12a"
  dependencies:
    "@types/open" "^0.0.29"
    "@types/opn" "^5.1.0"
    opn "^5.3.0"

"@types/chai-as-promised@^7.1.0":
  version "7.1.0"
  resolved "https://registry.yarnpkg.com/@types/chai-as-promised/-/chai-as-promised-7.1.0.tgz#010b04cde78eacfb6e72bfddb3e58fe23c2e78b9"
  dependencies:
    "@types/chai" "*"

"@types/chai-string@^1.4.0":
  version "1.4.1"
  resolved "https://registry.yarnpkg.com/@types/chai-string/-/chai-string-1.4.1.tgz#3a9d22716c27f2759bf272a4dbbdb593f18399e3"
  dependencies:
    "@types/chai" "*"

"@types/chai@*", "@types/chai@^4.1.2":
  version "4.1.3"
  resolved "https://registry.yarnpkg.com/@types/chai/-/chai-4.1.3.tgz#b8a74352977a23b604c01aa784f5b793443fb7dc"

"@types/cron@^1.2.1":
  version "1.3.0"
  resolved "https://registry.yarnpkg.com/@types/cron/-/cron-1.3.0.tgz#0bb4bc0bd8f493b81b5599a3719520d1d633e669"

"@types/fs-extra@5.0.0":
  version "5.0.0"
  resolved "https://registry.yarnpkg.com/@types/fs-extra/-/fs-extra-5.0.0.tgz#d3e225b35eb5c6d3a5a782c28219df365c781413"
  dependencies:
    "@types/node" "*"

"@types/lodash@4.x.x", "@types/lodash@^4.14.55", "@types/lodash@^4.14.68", "@types/lodash@^4.14.74":
  version "4.14.109"
  resolved "https://registry.yarnpkg.com/@types/lodash/-/lodash-4.14.109.tgz#b1c4442239730bf35cabaf493c772b18c045886d"

"@types/minimatch@3.x.x":
  version "3.0.3"
  resolved "https://registry.yarnpkg.com/@types/minimatch/-/minimatch-3.0.3.tgz#3dca0e3f33b200fc7d1139c0cd96c1268cadfd9d"

"@types/node@*":
  version "10.1.2"
  resolved "https://registry.yarnpkg.com/@types/node/-/node-10.1.2.tgz#1b928a0baa408fc8ae3ac012cc81375addc147c6"

"@types/node@^8.0.10":
  version "8.10.17"
  resolved "https://registry.yarnpkg.com/@types/node/-/node-8.10.17.tgz#d48cf10f0dc6dcf59f827f5a3fc7a4a6004318d3"

"@types/open@^0.0.29":
  version "0.0.29"
  resolved "https://registry.yarnpkg.com/@types/open/-/open-0.0.29.tgz#3de910012674909db14d608d1fde44ffa7a9ecea"

"@types/opn@^5.1.0":
  version "5.1.0"
  resolved "https://registry.yarnpkg.com/@types/opn/-/opn-5.1.0.tgz#bff7bc371677f4bdbb37884400e03fd81f743927"
  dependencies:
    "@types/node" "*"

"@types/semver@^5.3.33":
  version "5.5.0"
  resolved "https://registry.yarnpkg.com/@types/semver/-/semver-5.5.0.tgz#146c2a29ee7d3bae4bf2fcb274636e264c813c45"

"@types/vinyl@^2.0.2":
  version "2.0.2"
  resolved "https://registry.yarnpkg.com/@types/vinyl/-/vinyl-2.0.2.tgz#4f3b8dae8f5828d3800ef709b0cff488ee852de3"
  dependencies:
    "@types/node" "*"

ansi-256-colors@^1.1.0:
  version "1.1.0"
  resolved "https://registry.yarnpkg.com/ansi-256-colors/-/ansi-256-colors-1.1.0.tgz#910de50efcc7c09e3d82f2f87abd6b700c18818a"

ansi-styles@^3.2.1:
  version "3.2.1"
  resolved "https://registry.yarnpkg.com/ansi-styles/-/ansi-styles-3.2.1.tgz#41fbb20243e50b12be0f04b8dedbf07520ce841d"
  dependencies:
    color-convert "^1.9.0"

argparse@^1.0.7:
  version "1.0.10"
  resolved "https://registry.yarnpkg.com/argparse/-/argparse-1.0.10.tgz#bcd6791ea5ae09725e17e5ad988134cd40b3d911"
  dependencies:
    sprintf-js "~1.0.2"

assertion-error@^1.0.1:
  version "1.1.0"
  resolved "https://registry.yarnpkg.com/assertion-error/-/assertion-error-1.1.0.tgz#e60b6b0e8f301bd97e5375215bda406c85118c0b"

balanced-match@^1.0.0:
  version "1.0.0"
  resolved "https://registry.yarnpkg.com/balanced-match/-/balanced-match-1.0.0.tgz#89b4d199ab2bee49de164ea02b89ce462d71b767"

beautycolor@^1.0.11, beautycolor@^1.0.7:
  version "1.0.11"
  resolved "https://registry.yarnpkg.com/beautycolor/-/beautycolor-1.0.11.tgz#71c5568d5a7ed5c144d3a54f753ad1b08862aea5"
  dependencies:
    ansi-256-colors "^1.1.0"
    typings-global "^1.0.14"

beautylog@^6.1.10:
  version "6.1.10"
  resolved "https://registry.yarnpkg.com/beautylog/-/beautylog-6.1.10.tgz#9c27e566937684cb689f9372d98cfa5415d50b72"
  dependencies:
    "@types/lodash" "^4.14.55"
    beautycolor "^1.0.7"
    figlet "^1.2.0"
    lodash "^4.17.4"
    ora "^1.1.0"
    smartenv "^2.0.0"
    smartq "^1.1.1"
    typings-global "^1.0.14"

bindings@^1.2.1:
  version "1.3.0"
  resolved "https://registry.yarnpkg.com/bindings/-/bindings-1.3.0.tgz#b346f6ecf6a95f5a815c5839fc7cdb22502f1ed7"

brace-expansion@^1.1.7:
  version "1.1.11"
  resolved "https://registry.yarnpkg.com/brace-expansion/-/brace-expansion-1.1.11.tgz#3c7fcbf529d87226f3d2f52b966ff5271eb441dd"
  dependencies:
    balanced-match "^1.0.0"
    concat-map "0.0.1"

chai-as-promised@^7.1.1:
  version "7.1.1"
  resolved "https://registry.yarnpkg.com/chai-as-promised/-/chai-as-promised-7.1.1.tgz#08645d825deb8696ee61725dbf590c012eb00ca0"
  dependencies:
    check-error "^1.0.2"

chai-string@^1.4.0:
  version "1.4.0"
  resolved "https://registry.yarnpkg.com/chai-string/-/chai-string-1.4.0.tgz#359140c051d36a4e4b1a5fc6b910152f438a8d49"

chai@^4.1.2:
  version "4.1.2"
  resolved "https://registry.yarnpkg.com/chai/-/chai-4.1.2.tgz#0f64584ba642f0f2ace2806279f4f06ca23ad73c"
  dependencies:
    assertion-error "^1.0.1"
    check-error "^1.0.1"
    deep-eql "^3.0.0"
    get-func-name "^2.0.0"
    pathval "^1.0.0"
    type-detect "^4.0.0"

chalk@^2.0.1, chalk@^2.1.0:
  version "2.4.1"
  resolved "https://registry.yarnpkg.com/chalk/-/chalk-2.4.1.tgz#18c49ab16a037b6eb0152cc83e3471338215b66e"
  dependencies:
    ansi-styles "^3.2.1"
    escape-string-regexp "^1.0.5"
    supports-color "^5.3.0"

check-error@^1.0.1, check-error@^1.0.2:
  version "1.0.2"
  resolved "https://registry.yarnpkg.com/check-error/-/check-error-1.0.2.tgz#574d312edd88bb5dd8912e9286dd6c0aed4aac82"

cli-cursor@^2.1.0:
  version "2.1.0"
  resolved "https://registry.yarnpkg.com/cli-cursor/-/cli-cursor-2.1.0.tgz#b35dac376479facc3e94747d41d0d0f5238ffcb5"
  dependencies:
    restore-cursor "^2.0.0"

cli-spinners@^1.0.1:
  version "1.3.1"
  resolved "https://registry.yarnpkg.com/cli-spinners/-/cli-spinners-1.3.1.tgz#002c1990912d0d59580c93bd36c056de99e4259a"

clone-buffer@^1.0.0:
  version "1.0.0"
  resolved "https://registry.yarnpkg.com/clone-buffer/-/clone-buffer-1.0.0.tgz#e3e25b207ac4e701af721e2cb5a16792cac3dc58"

clone-stats@^1.0.0:
  version "1.0.0"
  resolved "https://registry.yarnpkg.com/clone-stats/-/clone-stats-1.0.0.tgz#b3782dff8bb5474e18b9b6bf0fdfe782f8777680"

clone@^2.1.1:
  version "2.1.1"
  resolved "https://registry.yarnpkg.com/clone/-/clone-2.1.1.tgz#d217d1e961118e3ac9a4b8bba3285553bf647cdb"

cloneable-readable@^1.0.0:
  version "1.1.2"
  resolved "https://registry.yarnpkg.com/cloneable-readable/-/cloneable-readable-1.1.2.tgz#d591dee4a8f8bc15da43ce97dceeba13d43e2a65"
  dependencies:
    inherits "^2.0.1"
    process-nextick-args "^2.0.0"
    readable-stream "^2.3.5"

color-convert@^1.9.0:
  version "1.9.1"
  resolved "https://registry.yarnpkg.com/color-convert/-/color-convert-1.9.1.tgz#c1261107aeb2f294ebffec9ed9ecad529a6097ed"
  dependencies:
    color-name "^1.1.1"

color-name@^1.1.1:
  version "1.1.3"
  resolved "https://registry.yarnpkg.com/color-name/-/color-name-1.1.3.tgz#a7d0558bd89c42f795dd42328f740831ca53bc25"

concat-map@0.0.1:
  version "0.0.1"
  resolved "https://registry.yarnpkg.com/concat-map/-/concat-map-0.0.1.tgz#d8a96bd77fd68df7793a73036a3ba0d5405d477b"

core-util-is@~1.0.0:
  version "1.0.2"
  resolved "https://registry.yarnpkg.com/core-util-is/-/core-util-is-1.0.2.tgz#b5fd54220aa2bc5ab57aab7140c940754503c1a7"

cron@^1.2.1:
  version "1.3.0"
  resolved "https://registry.yarnpkg.com/cron/-/cron-1.3.0.tgz#7e459968eaf94e1a445be796ce402166c234659d"
  dependencies:
    moment-timezone "^0.5.x"

deep-eql@^3.0.0:
  version "3.0.1"
  resolved "https://registry.yarnpkg.com/deep-eql/-/deep-eql-3.0.1.tgz#dfc9404400ad1c8fe023e7da1df1c147c4b444df"
  dependencies:
    type-detect "^4.0.0"

define-properties@^1.1.2:
  version "1.1.2"
  resolved "https://registry.yarnpkg.com/define-properties/-/define-properties-1.1.2.tgz#83a73f2fea569898fb737193c8f873caf6d45c94"
  dependencies:
    foreach "^2.0.5"
    object-keys "^1.0.8"

early@^2.1.1:
  version "2.1.1"
  resolved "https://registry.yarnpkg.com/early/-/early-2.1.1.tgz#841e23254ea5dc54d8afaeee82f5ab65c00ee23c"
  dependencies:
    beautycolor "^1.0.7"
    smartq "^1.1.1"
    typings-global "^1.0.16"

es-abstract@^1.5.1:
  version "1.11.0"
  resolved "https://registry.yarnpkg.com/es-abstract/-/es-abstract-1.11.0.tgz#cce87d518f0496893b1a30cd8461835535480681"
  dependencies:
    es-to-primitive "^1.1.1"
    function-bind "^1.1.1"
    has "^1.0.1"
    is-callable "^1.1.3"
    is-regex "^1.0.4"

es-to-primitive@^1.1.1:
  version "1.1.1"
  resolved "https://registry.yarnpkg.com/es-to-primitive/-/es-to-primitive-1.1.1.tgz#45355248a88979034b6792e19bb81f2b7975dd0d"
  dependencies:
    is-callable "^1.1.1"
    is-date-object "^1.0.1"
    is-symbol "^1.0.1"

es6-error@^4.0.2:
  version "4.1.1"
  resolved "https://registry.yarnpkg.com/es6-error/-/es6-error-4.1.1.tgz#9e3af407459deed47e9a91f9b885a84eb05c561d"

escape-string-regexp@^1.0.5:
  version "1.0.5"
  resolved "https://registry.yarnpkg.com/escape-string-regexp/-/escape-string-regexp-1.0.5.tgz#1b61c0562190a8dff6ae3bb2cf0200ca130b86d4"

esprima@^4.0.0:
  version "4.0.0"
  resolved "https://registry.yarnpkg.com/esprima/-/esprima-4.0.0.tgz#4499eddcd1110e0b218bacf2fa7f7f59f55ca804"

figlet@^1.2.0:
  version "1.2.0"
  resolved "https://registry.yarnpkg.com/figlet/-/figlet-1.2.0.tgz#6c46537378fab649146b5a6143dda019b430b410"

first-chunk-stream@^2.0.0:
  version "2.0.0"
  resolved "https://registry.yarnpkg.com/first-chunk-stream/-/first-chunk-stream-2.0.0.tgz#1bdecdb8e083c0664b91945581577a43a9f31d70"
  dependencies:
    readable-stream "^2.0.2"

foreach@^2.0.5:
  version "2.0.5"
  resolved "https://registry.yarnpkg.com/foreach/-/foreach-2.0.5.tgz#0bee005018aeb260d0a3af3ae658dd0136ec1b99"

fs-extra@^5.0.0:
  version "5.0.0"
  resolved "https://registry.yarnpkg.com/fs-extra/-/fs-extra-5.0.0.tgz#414d0110cdd06705734d055652c5411260c31abd"
  dependencies:
    graceful-fs "^4.1.2"
    jsonfile "^4.0.0"
    universalify "^0.1.0"

fs.realpath@^1.0.0:
  version "1.0.0"
  resolved "https://registry.yarnpkg.com/fs.realpath/-/fs.realpath-1.0.0.tgz#1504ad2523158caa40db4a2787cb01411994ea4f"

function-bind@^1.0.2, function-bind@^1.1.1:
  version "1.1.1"
  resolved "https://registry.yarnpkg.com/function-bind/-/function-bind-1.1.1.tgz#a56899d3ea3c9bab874bb9773b7c5ede92f4895d"

get-func-name@^2.0.0:
  version "2.0.0"
  resolved "https://registry.yarnpkg.com/get-func-name/-/get-func-name-2.0.0.tgz#ead774abee72e20409433a066366023dd6887a41"

glob@^7.1.2:
  version "7.1.2"
  resolved "https://registry.yarnpkg.com/glob/-/glob-7.1.2.tgz#c19c9df9a028702d678612384a6552404c636d15"
  dependencies:
    fs.realpath "^1.0.0"
    inflight "^1.0.4"
    inherits "2"
    minimatch "^3.0.4"
    once "^1.3.0"
    path-is-absolute "^1.0.0"

graceful-fs@^4.1.2, graceful-fs@^4.1.6:
  version "4.1.11"
  resolved "https://registry.yarnpkg.com/graceful-fs/-/graceful-fs-4.1.11.tgz#0e8bdfe4d1ddb8854d64e04ea7c00e2a026e5658"

has-flag@^3.0.0:
  version "3.0.0"
  resolved "https://registry.yarnpkg.com/has-flag/-/has-flag-3.0.0.tgz#b5d454dc2199ae225699f3467e5a07f3b955bafd"

has@^1.0.1:
  version "1.0.1"
  resolved "https://registry.yarnpkg.com/has/-/has-1.0.1.tgz#8461733f538b0837c9361e39a9ab9e9704dc2f28"
  dependencies:
    function-bind "^1.0.2"

home@^1.0.1:
  version "1.0.1"
  resolved "https://registry.yarnpkg.com/home/-/home-1.0.1.tgz#96a423ceb49b98378ff5ef3ceae059a557f9dd35"
  dependencies:
    os-homedir "^1.0.1"

inflight@^1.0.4:
  version "1.0.6"
  resolved "https://registry.yarnpkg.com/inflight/-/inflight-1.0.6.tgz#49bd6331d7d02d0c09bc910a1075ba8165b56df9"
  dependencies:
    once "^1.3.0"
    wrappy "1"

inherits@2, inherits@^2.0.1, inherits@~2.0.3:
  version "2.0.3"
  resolved "https://registry.yarnpkg.com/inherits/-/inherits-2.0.3.tgz#633c2c83e3da42a502f52466022480f4208261de"

is-callable@^1.1.1, is-callable@^1.1.3:
  version "1.1.3"
  resolved "https://registry.yarnpkg.com/is-callable/-/is-callable-1.1.3.tgz#86eb75392805ddc33af71c92a0eedf74ee7604b2"

is-date-object@^1.0.1:
  version "1.0.1"
  resolved "https://registry.yarnpkg.com/is-date-object/-/is-date-object-1.0.1.tgz#9aa20eb6aeebbff77fbd33e74ca01b33581d3a16"

is-regex@^1.0.4:
  version "1.0.4"
  resolved "https://registry.yarnpkg.com/is-regex/-/is-regex-1.0.4.tgz#5517489b547091b0930e095654ced25ee97e9491"
  dependencies:
    has "^1.0.1"

is-symbol@^1.0.1:
  version "1.0.1"
  resolved "https://registry.yarnpkg.com/is-symbol/-/is-symbol-1.0.1.tgz#3cc59f00025194b6ab2e38dbae6689256b660572"

is-utf8@^0.2.0, is-utf8@^0.2.1:
  version "0.2.1"
  resolved "https://registry.yarnpkg.com/is-utf8/-/is-utf8-0.2.1.tgz#4b0da1442104d1b336340e80797e865cf39f7d72"

is-wsl@^1.1.0:
  version "1.1.0"
  resolved "https://registry.yarnpkg.com/is-wsl/-/is-wsl-1.1.0.tgz#1f16e4aa22b04d1336b66188a66af3c600c3a66d"

isarray@~1.0.0:
  version "1.0.0"
  resolved "https://registry.yarnpkg.com/isarray/-/isarray-1.0.0.tgz#bb935d48582cba168c06834957a54a3e07124f11"

js-yaml@^3.10.0:
  version "3.11.0"
  resolved "https://registry.yarnpkg.com/js-yaml/-/js-yaml-3.11.0.tgz#597c1a8bd57152f26d622ce4117851a51f5ebaef"
  dependencies:
    argparse "^1.0.7"
    esprima "^4.0.0"

jsonfile@^4.0.0:
  version "4.0.0"
  resolved "https://registry.yarnpkg.com/jsonfile/-/jsonfile-4.0.0.tgz#8771aae0799b64076b76640fca058f9c10e33ecb"
  optionalDependencies:
    graceful-fs "^4.1.6"

leakage@^0.3.0:
  version "0.3.0"
  resolved "https://registry.yarnpkg.com/leakage/-/leakage-0.3.0.tgz#15d698abdc76bbc6439601f4f3020e77e2d50c39"
  dependencies:
    es6-error "^4.0.2"
    left-pad "^1.1.3"
    memwatch-next "^0.3.0"
    minimist "^1.2.0"
    pretty-bytes "^4.0.2"

left-pad@^1.1.3:
  version "1.3.0"
  resolved "https://registry.yarnpkg.com/left-pad/-/left-pad-1.3.0.tgz#5b8a3a7765dfe001261dde915589e782f8c94d1e"

lik@^1.0.38:
  version "1.0.43"
  resolved "https://registry.yarnpkg.com/lik/-/lik-1.0.43.tgz#e81709290fb85ff61dabfa008791ba9ffed0c666"
  dependencies:
    "@types/lodash" "^4.14.74"
    "@types/minimatch" "3.x.x"
    lodash "^4.17.4"
    minimatch "^3.0.4"
    rxjs "^5.4.3"
    smartq "^1.1.6"
    typings-global "^1.0.20"

lodash@^4.17.4:
  version "4.17.10"
  resolved "https://registry.yarnpkg.com/lodash/-/lodash-4.17.10.tgz#1b7793cf7259ea38fb3661d4d38b3260af8ae4e7"

log-symbols@^2.1.0:
  version "2.2.0"
  resolved "https://registry.yarnpkg.com/log-symbols/-/log-symbols-2.2.0.tgz#5740e1c5d6f0dfda4ad9323b5332107ef6b4c40a"
  dependencies:
    chalk "^2.0.1"

memwatch-next@^0.3.0:
  version "0.3.0"
  resolved "https://registry.yarnpkg.com/memwatch-next/-/memwatch-next-0.3.0.tgz#2111050f9a906e0aa2d72a4ec0f0089c78726f8f"
  dependencies:
    bindings "^1.2.1"
    nan "^2.3.2"

mimic-fn@^1.0.0:
  version "1.2.0"
  resolved "https://registry.yarnpkg.com/mimic-fn/-/mimic-fn-1.2.0.tgz#820c86a39334640e99516928bd03fca88057d022"

minimatch@^3.0.4:
  version "3.0.4"
  resolved "https://registry.yarnpkg.com/minimatch/-/minimatch-3.0.4.tgz#5166e286457f03306064be5497e8dbb0c3d32083"
  dependencies:
    brace-expansion "^1.1.7"

minimist@^1.2.0:
  version "1.2.0"
  resolved "https://registry.yarnpkg.com/minimist/-/minimist-1.2.0.tgz#a35008b20f41383eec1fb914f4cd5df79a264284"

moment-timezone@^0.5.x:
  version "0.5.17"
  resolved "https://registry.yarnpkg.com/moment-timezone/-/moment-timezone-0.5.17.tgz#3c8fef32051d84c3af174d91dc52977dcb0ad7e5"
  dependencies:
    moment ">= 2.9.0"

"moment@>= 2.9.0", moment@^2.21.0:
  version "2.22.1"
  resolved "https://registry.yarnpkg.com/moment/-/moment-2.22.1.tgz#529a2e9bf973f259c9643d237fda84de3a26e8ad"

nan@^2.3.2:
  version "2.10.0"
  resolved "https://registry.yarnpkg.com/nan/-/nan-2.10.0.tgz#96d0cd610ebd58d4b4de9cc0c6828cda99c7548f"

npmextra@^2.0.9:
  version "2.0.9"
  resolved "https://registry.yarnpkg.com/npmextra/-/npmextra-2.0.9.tgz#bd32b91590a8b3e2eabdfed26c324a1952758c2c"
  dependencies:
    beautylog "^6.1.10"
    smartfile "^4.2.20"
    smartlodash "^1.0.1"
    smartpath "^3.2.8"
    smartq "^1.1.6"
    taskbuffer "^1.0.22"
    typings-global "^1.0.20"

object-keys@^1.0.8:
  version "1.0.11"
  resolved "https://registry.yarnpkg.com/object-keys/-/object-keys-1.0.11.tgz#c54601778ad560f1142ce0e01bcca8b56d13426d"

object.getownpropertydescriptors@^2.0.3:
  version "2.0.3"
  resolved "https://registry.yarnpkg.com/object.getownpropertydescriptors/-/object.getownpropertydescriptors-2.0.3.tgz#8758c846f5b407adab0f236e0986f14b051caa16"
  dependencies:
    define-properties "^1.1.2"
    es-abstract "^1.5.1"

once@^1.3.0:
  version "1.4.0"
  resolved "https://registry.yarnpkg.com/once/-/once-1.4.0.tgz#583b1aa775961d4b113ac17d9c50baef9dd76bd1"
  dependencies:
    wrappy "1"

onetime@^2.0.0:
  version "2.0.1"
  resolved "https://registry.yarnpkg.com/onetime/-/onetime-2.0.1.tgz#067428230fd67443b2794b22bba528b6867962d4"
  dependencies:
    mimic-fn "^1.0.0"

opn@^5.3.0:
  version "5.3.0"
  resolved "https://registry.yarnpkg.com/opn/-/opn-5.3.0.tgz#64871565c863875f052cfdf53d3e3cb5adb53b1c"
  dependencies:
    is-wsl "^1.1.0"

ora@^1.1.0:
  version "1.4.0"
  resolved "https://registry.yarnpkg.com/ora/-/ora-1.4.0.tgz#884458215b3a5d4097592285f93321bb7a79e2e5"
  dependencies:
    chalk "^2.1.0"
    cli-cursor "^2.1.0"
    cli-spinners "^1.0.1"
    log-symbols "^2.1.0"

os-homedir@^1.0.1:
  version "1.0.2"
  resolved "https://registry.yarnpkg.com/os-homedir/-/os-homedir-1.0.2.tgz#ffbc4988336e0e833de0c168c7ef152121aa7fb3"

path-is-absolute@^1.0.0:
  version "1.0.1"
  resolved "https://registry.yarnpkg.com/path-is-absolute/-/path-is-absolute-1.0.1.tgz#174b9268735534ffbc7ace6bf53a5a9e1b5c5f5f"

pathval@^1.0.0:
  version "1.1.0"
  resolved "https://registry.yarnpkg.com/pathval/-/pathval-1.1.0.tgz#b942e6d4bde653005ef6b71361def8727d0645e0"

pify@^2.3.0:
  version "2.3.0"
  resolved "https://registry.yarnpkg.com/pify/-/pify-2.3.0.tgz#ed141a6ac043a849ea588498e7dca8b15330e90c"

pretty-bytes@^4.0.2:
  version "4.0.2"
  resolved "https://registry.yarnpkg.com/pretty-bytes/-/pretty-bytes-4.0.2.tgz#b2bf82e7350d65c6c33aa95aaa5a4f6327f61cd9"

process-nextick-args@^2.0.0, process-nextick-args@~2.0.0:
  version "2.0.0"
  resolved "https://registry.yarnpkg.com/process-nextick-args/-/process-nextick-args-2.0.0.tgz#a37d732f4271b4ab1ad070d35508e8290788ffaa"

readable-stream@^2.0.2, readable-stream@^2.3.5:
  version "2.3.6"
  resolved "https://registry.yarnpkg.com/readable-stream/-/readable-stream-2.3.6.tgz#b11c27d88b8ff1fbe070643cf94b0c79ae1b0aaf"
  dependencies:
    core-util-is "~1.0.0"
    inherits "~2.0.3"
    isarray "~1.0.0"
    process-nextick-args "~2.0.0"
    safe-buffer "~5.1.1"
    string_decoder "~1.1.1"
    util-deprecate "~1.0.1"

remove-trailing-separator@^1.0.1:
  version "1.1.0"
  resolved "https://registry.yarnpkg.com/remove-trailing-separator/-/remove-trailing-separator-1.1.0.tgz#c24bce2a283adad5bc3f58e0d48249b92379d8ef"

replace-ext@^1.0.0:
  version "1.0.0"
  resolved "https://registry.yarnpkg.com/replace-ext/-/replace-ext-1.0.0.tgz#de63128373fcbf7c3ccfa4de5a480c45a67958eb"

require-reload@0.2.2:
  version "0.2.2"
  resolved "https://registry.yarnpkg.com/require-reload/-/require-reload-0.2.2.tgz#29a7591846caf91b6e8a3cda991683f95f8d7d42"

restore-cursor@^2.0.0:
  version "2.0.0"
  resolved "https://registry.yarnpkg.com/restore-cursor/-/restore-cursor-2.0.0.tgz#9f7ee287f82fd326d4fd162923d62129eee0dfaf"
  dependencies:
    onetime "^2.0.0"
    signal-exit "^3.0.2"

rxjs@^5.4.2, rxjs@^5.4.3:
  version "5.5.10"
  resolved "https://registry.yarnpkg.com/rxjs/-/rxjs-5.5.10.tgz#fde02d7a614f6c8683d0d1957827f492e09db045"
  dependencies:
    symbol-observable "1.0.1"

safe-buffer@~5.1.0, safe-buffer@~5.1.1:
  version "5.1.2"
  resolved "https://registry.yarnpkg.com/safe-buffer/-/safe-buffer-5.1.2.tgz#991ec69d296e0313747d59bdfd2b745c35f8828d"

semver@^5.4.1:
  version "5.5.0"
  resolved "https://registry.yarnpkg.com/semver/-/semver-5.5.0.tgz#dc4bbc7a6ca9d916dee5d43516f0092b58f7b8ab"

signal-exit@^3.0.2:
  version "3.0.2"
  resolved "https://registry.yarnpkg.com/signal-exit/-/signal-exit-3.0.2.tgz#b5fdc08f1287ea1178628e415e25132b73646c6d"

smartchai@^2.0.0:
  version "2.0.1"
  resolved "https://registry.yarnpkg.com/smartchai/-/smartchai-2.0.1.tgz#d20f17221f0e3c6c3473600b78ddfba0ab0ea762"
  dependencies:
    "@types/chai" "^4.1.2"
    "@types/chai-as-promised" "^7.1.0"
    "@types/chai-string" "^1.4.0"
    chai "^4.1.2"
    chai-as-promised "^7.1.1"
    chai-string "^1.4.0"

smartdelay@^1.0.3, smartdelay@^1.0.4:
  version "1.0.4"
  resolved "https://registry.yarnpkg.com/smartdelay/-/smartdelay-1.0.4.tgz#791c1a4ee6770494064c10b1d2d2b8e6f3105b82"
  dependencies:
    smartq "^1.1.1"
    typings-global "^1.0.16"

smartenv@^2.0.0:
  version "2.0.6"
  resolved "https://registry.yarnpkg.com/smartenv/-/smartenv-2.0.6.tgz#b38c679b0c151b9af548f68c3a072c29d1417e8d"
  dependencies:
    lodash "^4.17.4"
    smartq "^1.1.1"
    typings-global "^1.0.14"

smartfile@^4.2.20:
  version "4.2.28"
  resolved "https://registry.yarnpkg.com/smartfile/-/smartfile-4.2.28.tgz#ab089e0bad63dec5feddb5f3d1cd5d99b76da118"
  dependencies:
    "@types/fs-extra" "5.0.0"
    "@types/vinyl" "^2.0.2"
    fs-extra "^5.0.0"
    glob "^7.1.2"
    js-yaml "^3.10.0"
    require-reload "0.2.2"
    smartpath "^3.2.8"
    smartq "^1.1.6"
    smartrequest "^1.0.8"
    vinyl-file "^3.0.0"

smartlodash@^1.0.1:
  version "1.0.1"
  resolved "https://registry.yarnpkg.com/smartlodash/-/smartlodash-1.0.1.tgz#8ddb41f3247d6d9856c63d1ea1ffccb78415a9c6"
  dependencies:
    "@types/lodash" "^4.14.68"
    "@types/node" "^8.0.10"
    lodash "^4.17.4"

smartnpm@^1.0.6:
  version "1.0.6"
  resolved "https://registry.yarnpkg.com/smartnpm/-/smartnpm-1.0.6.tgz#9ba48c9aa8f84c8ea03c9ed1a8f8d13dda7ffcdf"
  dependencies:
    beautycolor "^1.0.11"
    beautylog "^6.1.10"
    smartrequest "^1.0.8"

smartpath@^3.2.8:
  version "3.2.8"
  resolved "https://registry.yarnpkg.com/smartpath/-/smartpath-3.2.8.tgz#4834bd3a8bae2295baacadba23c87a501952f940"
  dependencies:
    home "^1.0.1"
    typings-global "^1.0.14"

smartq@^1.1.1, smartq@^1.1.6:
  version "1.1.8"
  resolved "https://registry.yarnpkg.com/smartq/-/smartq-1.1.8.tgz#7e2f3b9739eb5d6c9f45f2a86e339ec81e49e8d2"
  dependencies:
    util.promisify "^1.0.0"

smartrequest@^1.0.8:
  version "1.0.8"
  resolved "https://registry.yarnpkg.com/smartrequest/-/smartrequest-1.0.8.tgz#9af18dde34efa7d43b4ecfc92ccb157a98eda3b1"
  dependencies:
    smartq "^1.1.1"

smarttime@^2.0.0:
  version "2.0.0"
  resolved "https://registry.yarnpkg.com/smarttime/-/smarttime-2.0.0.tgz#fefa32a5087174c4f32fbd3a862176aa9b774b93"
  dependencies:
    moment "^2.21.0"
    smartdelay "^1.0.4"
    smartq "^1.1.6"

smartversion@^1.0.3:
  version "1.0.3"
  resolved "https://registry.yarnpkg.com/smartversion/-/smartversion-1.0.3.tgz#8b6b1553594a4df7fac8495bc2802b4a6f84a27c"
  dependencies:
    "@types/semver" "^5.3.33"
    semver "^5.4.1"
    typings-global "^1.0.16"

sprintf-js@~1.0.2:
  version "1.0.3"
  resolved "https://registry.yarnpkg.com/sprintf-js/-/sprintf-js-1.0.3.tgz#04e6926f662895354f3dd015203633b857297e2c"

string_decoder@~1.1.1:
  version "1.1.1"
  resolved "https://registry.yarnpkg.com/string_decoder/-/string_decoder-1.1.1.tgz#9cf1611ba62685d7030ae9e4ba34149c3af03fc8"
  dependencies:
    safe-buffer "~5.1.0"

strip-bom-buf@^1.0.0:
  version "1.0.0"
  resolved "https://registry.yarnpkg.com/strip-bom-buf/-/strip-bom-buf-1.0.0.tgz#1cb45aaf57530f4caf86c7f75179d2c9a51dd572"
  dependencies:
    is-utf8 "^0.2.1"

strip-bom-stream@^2.0.0:
  version "2.0.0"
  resolved "https://registry.yarnpkg.com/strip-bom-stream/-/strip-bom-stream-2.0.0.tgz#f87db5ef2613f6968aa545abfe1ec728b6a829ca"
  dependencies:
    first-chunk-stream "^2.0.0"
    strip-bom "^2.0.0"

strip-bom@^2.0.0:
  version "2.0.0"
  resolved "https://registry.yarnpkg.com/strip-bom/-/strip-bom-2.0.0.tgz#6219a85616520491f35788bdbf1447a99c7e6b0e"
  dependencies:
    is-utf8 "^0.2.0"

supports-color@^5.3.0:
  version "5.4.0"
  resolved "https://registry.yarnpkg.com/supports-color/-/supports-color-5.4.0.tgz#1c6b337402c2137605efe19f10fec390f6faab54"
  dependencies:
    has-flag "^3.0.0"

symbol-observable@1.0.1:
  version "1.0.1"
  resolved "https://registry.yarnpkg.com/symbol-observable/-/symbol-observable-1.0.1.tgz#8340fc4702c3122df5d22288f88283f513d3fdd4"

tapbundle@^2.0.0:
  version "2.0.0"
  resolved "https://registry.yarnpkg.com/tapbundle/-/tapbundle-2.0.0.tgz#79fce68ff185c786fabaf6eb589a4afc7d2714b7"
  dependencies:
    early "^2.1.1"
    leakage "^0.3.0"
    smartchai "^2.0.0"
    smartdelay "^1.0.3"
    smartq "^1.1.1"

taskbuffer@^1.0.22:
  version "1.0.22"
  resolved "https://registry.yarnpkg.com/taskbuffer/-/taskbuffer-1.0.22.tgz#05d498d157d79dd897e11e6225fd447ba2f2fa3e"
  dependencies:
    "@types/cron" "^1.2.1"
    "@types/lodash" "4.x.x"
    beautylog "^6.1.10"
    cron "^1.2.1"
    lik "^1.0.38"
    lodash "^4.17.4"
    rxjs "^5.4.2"
    smartdelay "^1.0.3"
    smartq "^1.1.6"
    typings-global "^1.0.19"

type-detect@^4.0.0:
  version "4.0.8"
  resolved "https://registry.yarnpkg.com/type-detect/-/type-detect-4.0.8.tgz#7646fb5f18871cfbb7749e69bd39a6388eb7450c"

typings-global@^1.0.14, typings-global@^1.0.16, typings-global@^1.0.19, typings-global@^1.0.20:
  version "1.0.28"
  resolved "https://registry.yarnpkg.com/typings-global/-/typings-global-1.0.28.tgz#e28cc965476564cbc00e438739e0aa0735d323d4"

universalify@^0.1.0:
  version "0.1.1"
  resolved "https://registry.yarnpkg.com/universalify/-/universalify-0.1.1.tgz#fa71badd4437af4c148841e3b3b165f9e9e590b7"

util-deprecate@~1.0.1:
  version "1.0.2"
  resolved "https://registry.yarnpkg.com/util-deprecate/-/util-deprecate-1.0.2.tgz#450d4dc9fa70de732762fbd2d4a28981419a0ccf"

util.promisify@^1.0.0:
  version "1.0.0"
  resolved "https://registry.yarnpkg.com/util.promisify/-/util.promisify-1.0.0.tgz#440f7165a459c9a16dc145eb8e72f35687097030"
  dependencies:
    define-properties "^1.1.2"
    object.getownpropertydescriptors "^2.0.3"

vinyl-file@^3.0.0:
  version "3.0.0"
  resolved "https://registry.yarnpkg.com/vinyl-file/-/vinyl-file-3.0.0.tgz#b104d9e4409ffa325faadd520642d0a3b488b365"
  dependencies:
    graceful-fs "^4.1.2"
    pify "^2.3.0"
    strip-bom-buf "^1.0.0"
    strip-bom-stream "^2.0.0"
    vinyl "^2.0.1"

vinyl@^2.0.1:
  version "2.1.0"
  resolved "https://registry.yarnpkg.com/vinyl/-/vinyl-2.1.0.tgz#021f9c2cf951d6b939943c89eb5ee5add4fd924c"
  dependencies:
    clone "^2.1.1"
    clone-buffer "^1.0.0"
    clone-stats "^1.0.0"
    cloneable-readable "^1.0.0"
    remove-trailing-separator "^1.0.1"
    replace-ext "^1.0.0"

wrappy@1:
  version "1.0.2"
  resolved "https://registry.yarnpkg.com/wrappy/-/wrappy-1.0.2.tgz#b5243d8f3ec1aa35f1364605bc0d1036e30ab69f"
